
Microsoft Visual Studio Solution File, Format Version 12.00
# Visual Studio 15
VisualStudioVersion = 15.0.27004.2006
MinimumVisualStudioVersion = 10.0.40219.1
Project("{9A19103F-16F7-4668-BE54-9A1E7A4F7556}") = "SourcePoint.ApiGateway", "ApiGateway\SourcePoint.ApiGateway.csproj", "{789656E7-FD11-43F6-BD29-7031BCAE0DCC}"
EndProject
Global
	GlobalSection(SolutionConfigurationPlatforms) = preSolution
		Debug|Any CPU = Debug|Any CPU
		Release|Any CPU = Release|Any CPU
	EndGlobalSection
	GlobalSection(ProjectConfigurationPlatforms) = postSolution
		{789656E7-FD11-43F6-BD29-7031BCAE0DCC}.Debug|Any CPU.ActiveCfg = Debug|Any CPU
		{789656E7-FD11-43F6-BD29-7031BCAE0DCC}.Debug|Any CPU.Build.0 = Debug|Any CPU
		{789656E7-FD11-43F6-BD29-7031BCAE0DCC}.Release|Any CPU.ActiveCfg = Release|Any CPU
		{789656E7-FD11-43F6-BD29-7031BCAE0DCC}.Release|Any CPU.Build.0 = Release|Any CPU
	EndGlobalSection
	GlobalSection(SolutionProperties) = preSolution
		HideSolutionNode = FALSE
	EndGlobalSection
	GlobalSection(ExtensibilityGlobals) = postSolution
		SolutionGuid = {68ED97D3-246C-4905-8F45-BB067730AF95}
	EndGlobalSection
EndGlobal
