
Microsoft Visual Studio Solution File, Format Version 12.00
# Visual Studio 15
VisualStudioVersion = 15.0.27004.2009
MinimumVisualStudioVersion = 10.0.40219.1
Project("{2150E333-8FDC-42A3-9474-1A3956D46DE8}") = "Infrastructure", "Infrastructure", "{D5F97F6F-979D-4107-92C6-83FC0ACC1EFA}"
EndProject
Project("{2150E333-8FDC-42A3-9474-1A3956D46DE8}") = "Extensions", "Extensions", "{E4C09DC7-F087-41F1-8E77-9F556C61D8DF}"
EndProject
Project("{2150E333-8FDC-42A3-9474-1A3956D46DE8}") = "Test", "Test", "{732D2374-9823-4506-A061-3AADC6CCD8CA}"
EndProject
Project("{9A19103F-16F7-4668-BE54-9A1E7A4F7556}") = "Identity.API.Test", "Test\Identity.API.Test\Identity.API.Test.csproj", "{3E770AEC-1DDB-4FBF-8764-3A6D6FDD51A9}"
EndProject
Project("{2150E333-8FDC-42A3-9474-1A3956D46DE8}") = "Service", "Service", "{11932C9B-DB79-459A-81BD-6AE9A91409DB}"
EndProject
Project("{2150E333-8FDC-42A3-9474-1A3956D46DE8}") = "Common", "Common", "{602BC0AA-1553-46F5-8C46-D60FC1D615A1}"
EndProject
Project("{9A19103F-16F7-4668-BE54-9A1E7A4F7556}") = "Microsoft.AspNetCore.OData", "Infrastructure\Common\Microsoft.AspNetCore.OData\Microsoft.AspNetCore.OData.csproj", "{A28678D6-B8EE-4138-9BBE-2CD647E7C986}"
EndProject
Project("{2150E333-8FDC-42A3-9474-1A3956D46DE8}") = "Identity4", "Identity4", "{3C664CD0-0A26-4776-AA0B-A28FC0ABF3AC}"
EndProject
Project("{9A19103F-16F7-4668-BE54-9A1E7A4F7556}") = "SourcePoint.Service.Identity.API", "Service\Identity.API\SourcePoint.Service.Identity.API.csproj", "{7BC8C31C-C8D6-44F3-B25E-CA1D43BE36E3}"
EndProject
Project("{2150E333-8FDC-42A3-9474-1A3956D46DE8}") = "ApiGateway", "ApiGateway", "{E0501939-5209-4932-8BF9-2B5A7149FD33}"
EndProject
Project("{9A19103F-16F7-4668-BE54-9A1E7A4F7556}") = "SourcePoint.Service.ApiGateway", "Service\ApiGateway\ApiGateway\SourcePoint.Service.ApiGateway.csproj", "{9EFF4F80-20E0-43E9-A9A2-7F325E01300F}"
EndProject
Project("{9A19103F-16F7-4668-BE54-9A1E7A4F7556}") = "SourcePoint.Infrastructure.Extensions.ExpressionExtension", "Infrastructure\Extensions\ExpressionExtension\ExpressionExtension\SourcePoint.Infrastructure.Extensions.ExpressionExtension.csproj", "{A33522A5-199B-4DB9-8FF7-A6730A66C7CF}"
EndProject
Project("{9A19103F-16F7-4668-BE54-9A1E7A4F7556}") = "SourcePoint.Infrastructure.Extensions.SwaggerExtension", "Infrastructure\Extensions\SwaggerExtension\SourcePoint.Infrastructure.Extensions.SwaggerExtension.csproj", "{DC648FC4-D73F-4E63-B72B-407392B7F8E6}"
EndProject
Project("{9A19103F-16F7-4668-BE54-9A1E7A4F7556}") = "SourcePoint.Infrastructure.Extensions.ODataExtension", "Infrastructure\Extensions\ODataExtension\SourcePoint.Infrastructure.Extensions.ODataExtension.csproj", "{A97626ED-D64E-4447-9788-A84D703DC02C}"
EndProject
Project("{2150E333-8FDC-42A3-9474-1A3956D46DE8}") = "Honor", "Honor", "{AD987CE9-D3E5-4DE7-8973-618998A8B859}"
EndProject
Project("{9A19103F-16F7-4668-BE54-9A1E7A4F7556}") = "Honor", "Service\Honor.Api\Honor.Api\Honor.csproj", "{436E8366-3BC7-4ABE-8DA3-94273F58A63A}"
EndProject
Project("{2150E333-8FDC-42A3-9474-1A3956D46DE8}") = "SendSMS", "SendSMS", "{F0C12553-85DA-4692-B6A2-97BA2F1357B5}"
EndProject
Project("{9A19103F-16F7-4668-BE54-9A1E7A4F7556}") = "SourcePoint.Service.SendSMS", "Service\SendSMS.Api\SourcePoint.Service.SendSMS.csproj", "{7636EEAF-E9DC-4F56-A6F2-D598F99E3BDD}"
EndProject
Project("{2150E333-8FDC-42A3-9474-1A3956D46DE8}") = "AppService", "AppService", "{9D02088F-544E-4999-A28E-9D0689D43210}"
EndProject
Project("{2150E333-8FDC-42A3-9474-1A3956D46DE8}") = "Domain", "Domain", "{790C7D9A-15D3-4E91-B9C6-CA43376B93C4}"
EndProject
Project("{2150E333-8FDC-42A3-9474-1A3956D46DE8}") = "Web", "Web", "{5DD50CD0-443B-46AE-B883-AF9DB3E69B54}"
EndProject
Project("{9A19103F-16F7-4668-BE54-9A1E7A4F7556}") = "EFDataAuth.Test", "Test\EFDataAuth.Test\EFDataAuth.Test\EFDataAuth.Test.csproj", "{CD0E337F-F840-4C63-9C6C-EAC5CA716079}"
EndProject
Project("{2150E333-8FDC-42A3-9474-1A3956D46DE8}") = "Data", "Data", "{B6A063B6-8616-4633-902E-CF66B3416D8D}"
EndProject
Project("{9A19103F-16F7-4668-BE54-9A1E7A4F7556}") = "SourcePoint.Data.BaseData", "Infrastructure\Data\Data\BaseData\SourcePoint.Data.BaseData.csproj", "{E9EDAB4C-BC03-4153-87A9-FF61E148CBCB}"
EndProject
Project("{2150E333-8FDC-42A3-9474-1A3956D46DE8}") = "Pen", "Pen", "{9C348F2D-75B6-43C6-BB58-F34E84B5E6BD}"
EndProject
Project("{9A19103F-16F7-4668-BE54-9A1E7A4F7556}") = "SourcePoint.Service.Pen.Api", "Service\Pen.Api\PenAPI\SourcePoint.Service.Pen.Api.csproj", "{429DCF0F-240F-40D2-9D18-74EB1A230D5D}"
EndProject
Project("{9A19103F-16F7-4668-BE54-9A1E7A4F7556}") = "SourcePoint.Data.EFCore", "Infrastructure\Data\Data\SourcePoint.Data.EFCore\SourcePoint.Data.EFCore.csproj", "{57325061-CCF9-494A-AE42-4C93DC0E7D02}"
EndProject
Global
	GlobalSection(SolutionConfigurationPlatforms) = preSolution
		Debug|Any CPU = Debug|Any CPU
		Release|Any CPU = Release|Any CPU
	EndGlobalSection
	GlobalSection(ProjectConfigurationPlatforms) = postSolution
		{3E770AEC-1DDB-4FBF-8764-3A6D6FDD51A9}.Debug|Any CPU.ActiveCfg = Debug|Any CPU
		{3E770AEC-1DDB-4FBF-8764-3A6D6FDD51A9}.Debug|Any CPU.Build.0 = Debug|Any CPU
		{3E770AEC-1DDB-4FBF-8764-3A6D6FDD51A9}.Release|Any CPU.ActiveCfg = Release|Any CPU
		{3E770AEC-1DDB-4FBF-8764-3A6D6FDD51A9}.Release|Any CPU.Build.0 = Release|Any CPU
		{A28678D6-B8EE-4138-9BBE-2CD647E7C986}.Debug|Any CPU.ActiveCfg = Debug|Any CPU
		{A28678D6-B8EE-4138-9BBE-2CD647E7C986}.Debug|Any CPU.Build.0 = Debug|Any CPU
		{A28678D6-B8EE-4138-9BBE-2CD647E7C986}.Release|Any CPU.ActiveCfg = Release|Any CPU
		{A28678D6-B8EE-4138-9BBE-2CD647E7C986}.Release|Any CPU.Build.0 = Release|Any CPU
		{7BC8C31C-C8D6-44F3-B25E-CA1D43BE36E3}.Debug|Any CPU.ActiveCfg = Debug|Any CPU
		{7BC8C31C-C8D6-44F3-B25E-CA1D43BE36E3}.Debug|Any CPU.Build.0 = Debug|Any CPU
		{7BC8C31C-C8D6-44F3-B25E-CA1D43BE36E3}.Release|Any CPU.ActiveCfg = Release|Any CPU
		{7BC8C31C-C8D6-44F3-B25E-CA1D43BE36E3}.Release|Any CPU.Build.0 = Release|Any CPU
		{9EFF4F80-20E0-43E9-A9A2-7F325E01300F}.Debug|Any CPU.ActiveCfg = Debug|Any CPU
		{9EFF4F80-20E0-43E9-A9A2-7F325E01300F}.Debug|Any CPU.Build.0 = Debug|Any CPU
		{9EFF4F80-20E0-43E9-A9A2-7F325E01300F}.Release|Any CPU.ActiveCfg = Release|Any CPU
		{9EFF4F80-20E0-43E9-A9A2-7F325E01300F}.Release|Any CPU.Build.0 = Release|Any CPU
		{A33522A5-199B-4DB9-8FF7-A6730A66C7CF}.Debug|Any CPU.ActiveCfg = Debug|Any CPU
		{A33522A5-199B-4DB9-8FF7-A6730A66C7CF}.Debug|Any CPU.Build.0 = Debug|Any CPU
		{A33522A5-199B-4DB9-8FF7-A6730A66C7CF}.Release|Any CPU.ActiveCfg = Release|Any CPU
		{A33522A5-199B-4DB9-8FF7-A6730A66C7CF}.Release|Any CPU.Build.0 = Release|Any CPU
		{DC648FC4-D73F-4E63-B72B-407392B7F8E6}.Debug|Any CPU.ActiveCfg = Debug|Any CPU
		{DC648FC4-D73F-4E63-B72B-407392B7F8E6}.Debug|Any CPU.Build.0 = Debug|Any CPU
		{DC648FC4-D73F-4E63-B72B-407392B7F8E6}.Release|Any CPU.ActiveCfg = Release|Any CPU
		{DC648FC4-D73F-4E63-B72B-407392B7F8E6}.Release|Any CPU.Build.0 = Release|Any CPU
		{A97626ED-D64E-4447-9788-A84D703DC02C}.Debug|Any CPU.ActiveCfg = Debug|Any CPU
		{A97626ED-D64E-4447-9788-A84D703DC02C}.Debug|Any CPU.Build.0 = Debug|Any CPU
		{A97626ED-D64E-4447-9788-A84D703DC02C}.Release|Any CPU.ActiveCfg = Release|Any CPU
		{A97626ED-D64E-4447-9788-A84D703DC02C}.Release|Any CPU.Build.0 = Release|Any CPU
		{436E8366-3BC7-4ABE-8DA3-94273F58A63A}.Debug|Any CPU.ActiveCfg = Debug|Any CPU
		{436E8366-3BC7-4ABE-8DA3-94273F58A63A}.Debug|Any CPU.Build.0 = Debug|Any CPU
		{436E8366-3BC7-4ABE-8DA3-94273F58A63A}.Release|Any CPU.ActiveCfg = Release|Any CPU
		{436E8366-3BC7-4ABE-8DA3-94273F58A63A}.Release|Any CPU.Build.0 = Release|Any CPU
		{7636EEAF-E9DC-4F56-A6F2-D598F99E3BDD}.Debug|Any CPU.ActiveCfg = Debug|Any CPU
		{7636EEAF-E9DC-4F56-A6F2-D598F99E3BDD}.Debug|Any CPU.Build.0 = Debug|Any CPU
		{7636EEAF-E9DC-4F56-A6F2-D598F99E3BDD}.Release|Any CPU.ActiveCfg = Release|Any CPU
		{7636EEAF-E9DC-4F56-A6F2-D598F99E3BDD}.Release|Any CPU.Build.0 = Release|Any CPU
		{CD0E337F-F840-4C63-9C6C-EAC5CA716079}.Debug|Any CPU.ActiveCfg = Debug|Any CPU
		{CD0E337F-F840-4C63-9C6C-EAC5CA716079}.Debug|Any CPU.Build.0 = Debug|Any CPU
		{CD0E337F-F840-4C63-9C6C-EAC5CA716079}.Release|Any CPU.ActiveCfg = Release|Any CPU
		{CD0E337F-F840-4C63-9C6C-EAC5CA716079}.Release|Any CPU.Build.0 = Release|Any CPU
		{E9EDAB4C-BC03-4153-87A9-FF61E148CBCB}.Debug|Any CPU.ActiveCfg = Debug|Any CPU
		{E9EDAB4C-BC03-4153-87A9-FF61E148CBCB}.Debug|Any CPU.Build.0 = Debug|Any CPU
		{E9EDAB4C-BC03-4153-87A9-FF61E148CBCB}.Release|Any CPU.ActiveCfg = Release|Any CPU
		{E9EDAB4C-BC03-4153-87A9-FF61E148CBCB}.Release|Any CPU.Build.0 = Release|Any CPU
		{429DCF0F-240F-40D2-9D18-74EB1A230D5D}.Debug|Any CPU.ActiveCfg = Debug|Any CPU
		{429DCF0F-240F-40D2-9D18-74EB1A230D5D}.Debug|Any CPU.Build.0 = Debug|Any CPU
		{429DCF0F-240F-40D2-9D18-74EB1A230D5D}.Release|Any CPU.ActiveCfg = Release|Any CPU
		{429DCF0F-240F-40D2-9D18-74EB1A230D5D}.Release|Any CPU.Build.0 = Release|Any CPU
		{57325061-CCF9-494A-AE42-4C93DC0E7D02}.Debug|Any CPU.ActiveCfg = Debug|Any CPU
		{57325061-CCF9-494A-AE42-4C93DC0E7D02}.Debug|Any CPU.Build.0 = Debug|Any CPU
		{57325061-CCF9-494A-AE42-4C93DC0E7D02}.Release|Any CPU.ActiveCfg = Release|Any CPU
		{57325061-CCF9-494A-AE42-4C93DC0E7D02}.Release|Any CPU.Build.0 = Release|Any CPU
	EndGlobalSection
	GlobalSection(SolutionProperties) = preSolution
		HideSolutionNode = FALSE
	EndGlobalSection
	GlobalSection(NestedProjects) = preSolution
		{E4C09DC7-F087-41F1-8E77-9F556C61D8DF} = {D5F97F6F-979D-4107-92C6-83FC0ACC1EFA}
		{3E770AEC-1DDB-4FBF-8764-3A6D6FDD51A9} = {732D2374-9823-4506-A061-3AADC6CCD8CA}
		{602BC0AA-1553-46F5-8C46-D60FC1D615A1} = {D5F97F6F-979D-4107-92C6-83FC0ACC1EFA}
		{A28678D6-B8EE-4138-9BBE-2CD647E7C986} = {602BC0AA-1553-46F5-8C46-D60FC1D615A1}
		{3C664CD0-0A26-4776-AA0B-A28FC0ABF3AC} = {11932C9B-DB79-459A-81BD-6AE9A91409DB}
		{7BC8C31C-C8D6-44F3-B25E-CA1D43BE36E3} = {3C664CD0-0A26-4776-AA0B-A28FC0ABF3AC}
		{E0501939-5209-4932-8BF9-2B5A7149FD33} = {11932C9B-DB79-459A-81BD-6AE9A91409DB}
		{9EFF4F80-20E0-43E9-A9A2-7F325E01300F} = {E0501939-5209-4932-8BF9-2B5A7149FD33}
		{A33522A5-199B-4DB9-8FF7-A6730A66C7CF} = {E4C09DC7-F087-41F1-8E77-9F556C61D8DF}
		{DC648FC4-D73F-4E63-B72B-407392B7F8E6} = {E4C09DC7-F087-41F1-8E77-9F556C61D8DF}
		{A97626ED-D64E-4447-9788-A84D703DC02C} = {E4C09DC7-F087-41F1-8E77-9F556C61D8DF}
		{AD987CE9-D3E5-4DE7-8973-618998A8B859} = {11932C9B-DB79-459A-81BD-6AE9A91409DB}
		{436E8366-3BC7-4ABE-8DA3-94273F58A63A} = {AD987CE9-D3E5-4DE7-8973-618998A8B859}
		{F0C12553-85DA-4692-B6A2-97BA2F1357B5} = {11932C9B-DB79-459A-81BD-6AE9A91409DB}
		{7636EEAF-E9DC-4F56-A6F2-D598F99E3BDD} = {F0C12553-85DA-4692-B6A2-97BA2F1357B5}
		{CD0E337F-F840-4C63-9C6C-EAC5CA716079} = {732D2374-9823-4506-A061-3AADC6CCD8CA}
		{B6A063B6-8616-4633-902E-CF66B3416D8D} = {D5F97F6F-979D-4107-92C6-83FC0ACC1EFA}
		{E9EDAB4C-BC03-4153-87A9-FF61E148CBCB} = {B6A063B6-8616-4633-902E-CF66B3416D8D}
		{9C348F2D-75B6-43C6-BB58-F34E84B5E6BD} = {11932C9B-DB79-459A-81BD-6AE9A91409DB}
		{429DCF0F-240F-40D2-9D18-74EB1A230D5D} = {9C348F2D-75B6-43C6-BB58-F34E84B5E6BD}
		{57325061-CCF9-494A-AE42-4C93DC0E7D02} = {B6A063B6-8616-4633-902E-CF66B3416D8D}
	EndGlobalSection
	GlobalSection(ExtensibilityGlobals) = postSolution
		SolutionGuid = {8149C2B1-3D22-4D10-962D-58221876BF43}
	EndGlobalSection
EndGlobal
